
Microsoft Visual Studio Solution File, Format Version 12.00
# Visual Studio Version 17
VisualStudioVersion = 17.5.33627.172
MinimumVisualStudioVersion = 10.0.40219.1
Project("{9A19103F-16F7-4668-BE54-9A1E7A4F7556}") = "Project PHE", "Project PHE\Project PHE.csproj", "{A0942279-D2FE-4345-A841-0762A817FFC5}"
EndProject
Project("{FAE04EC0-301F-11D3-BF4B-00C04F79EFBC}") = "Client", "Client\Client.csproj", "{B5099D24-A5FD-47E2-9DA4-1D56B07D48CD}"
EndProject
Global
	GlobalSection(SolutionConfigurationPlatforms) = preSolution
		Debug|Any CPU = Debug|Any CPU
		Release|Any CPU = Release|Any CPU
	EndGlobalSection
	GlobalSection(ProjectConfigurationPlatforms) = postSolution
		{A0942279-D2FE-4345-A841-0762A817FFC5}.Debug|Any CPU.ActiveCfg = Debug|Any CPU
		{A0942279-D2FE-4345-A841-0762A817FFC5}.Debug|Any CPU.Build.0 = Debug|Any CPU
		{A0942279-D2FE-4345-A841-0762A817FFC5}.Release|Any CPU.ActiveCfg = Release|Any CPU
		{A0942279-D2FE-4345-A841-0762A817FFC5}.Release|Any CPU.Build.0 = Release|Any CPU
		{B5099D24-A5FD-47E2-9DA4-1D56B07D48CD}.Debug|Any CPU.ActiveCfg = Debug|Any CPU
		{B5099D24-A5FD-47E2-9DA4-1D56B07D48CD}.Debug|Any CPU.Build.0 = Debug|Any CPU
		{B5099D24-A5FD-47E2-9DA4-1D56B07D48CD}.Release|Any CPU.ActiveCfg = Release|Any CPU
		{B5099D24-A5FD-47E2-9DA4-1D56B07D48CD}.Release|Any CPU.Build.0 = Release|Any CPU
	EndGlobalSection
	GlobalSection(SolutionProperties) = preSolution
		HideSolutionNode = FALSE
	EndGlobalSection
	GlobalSection(ExtensibilityGlobals) = postSolution
		SolutionGuid = {7E7FF18F-B5C3-4FDB-AED7-2DE291774F2A}
	EndGlobalSection
EndGlobal
